
Microsoft Visual Studio Solution File, Format Version 12.00
# Visual Studio 15
VisualStudioVersion = 15.0.28307.106
MinimumVisualStudioVersion = 10.0.40219.1
Project("{FAE04EC0-301F-11D3-BF4B-00C04F79EFBC}") = "StudyHelperApp.Android", "StudyHelperApp\StudyHelperApp.Android\StudyHelperApp.Android.csproj", "{45303EAD-4F16-42AB-AD40-A455CF758554}"
EndProject
Project("{FAE04EC0-301F-11D3-BF4B-00C04F79EFBC}") = "StudyHelperApp.iOS", "StudyHelperApp\StudyHelperApp.iOS\StudyHelperApp.iOS.csproj", "{4E19E411-7C14-4150-9246-ECC6D6E1C796}"
EndProject
Project("{FAE04EC0-301F-11D3-BF4B-00C04F79EFBC}") = "StudyHelperApp.UWP", "StudyHelperApp\StudyHelperApp.UWP\StudyHelperApp.UWP.csproj", "{F17D62F2-ABC9-44F1-A53F-32C12B0151D8}"
EndProject
Project("{FAE04EC0-301F-11D3-BF4B-00C04F79EFBC}") = "StudyHelperApp", "StudyHelperApp\StudyHelperApp\StudyHelperApp.csproj", "{9336FD1D-F0C0-4EA8-859B-F272B97388F8}"
EndProject
Global
	GlobalSection(SolutionConfigurationPlatforms) = preSolution
		Ad-Hoc|Any CPU = Ad-Hoc|Any CPU
		Ad-Hoc|ARM = Ad-Hoc|ARM
		Ad-Hoc|iPhone = Ad-Hoc|iPhone
		Ad-Hoc|iPhoneSimulator = Ad-Hoc|iPhoneSimulator
		Ad-Hoc|x64 = Ad-Hoc|x64
		Ad-Hoc|x86 = Ad-Hoc|x86
		AppStore|Any CPU = AppStore|Any CPU
		AppStore|ARM = AppStore|ARM
		AppStore|iPhone = AppStore|iPhone
		AppStore|iPhoneSimulator = AppStore|iPhoneSimulator
		AppStore|x64 = AppStore|x64
		AppStore|x86 = AppStore|x86
		Debug|Any CPU = Debug|Any CPU
		Debug|ARM = Debug|ARM
		Debug|iPhone = Debug|iPhone
		Debug|iPhoneSimulator = Debug|iPhoneSimulator
		Debug|x64 = Debug|x64
		Debug|x86 = Debug|x86
		Release|Any CPU = Release|Any CPU
		Release|ARM = Release|ARM
		Release|iPhone = Release|iPhone
		Release|iPhoneSimulator = Release|iPhoneSimulator
		Release|x64 = Release|x64
		Release|x86 = Release|x86
	EndGlobalSection
	GlobalSection(ProjectConfigurationPlatforms) = postSolution
		{45303EAD-4F16-42AB-AD40-A455CF758554}.Ad-Hoc|Any CPU.ActiveCfg = Release|Any CPU
		{45303EAD-4F16-42AB-AD40-A455CF758554}.Ad-Hoc|Any CPU.Build.0 = Release|Any CPU
		{45303EAD-4F16-42AB-AD40-A455CF758554}.Ad-Hoc|Any CPU.Deploy.0 = Release|Any CPU
		{45303EAD-4F16-42AB-AD40-A455CF758554}.Ad-Hoc|ARM.ActiveCfg = Release|Any CPU
		{45303EAD-4F16-42AB-AD40-A455CF758554}.Ad-Hoc|ARM.Build.0 = Release|Any CPU
		{45303EAD-4F16-42AB-AD40-A455CF758554}.Ad-Hoc|ARM.Deploy.0 = Release|Any CPU
		{45303EAD-4F16-42AB-AD40-A455CF758554}.Ad-Hoc|iPhone.ActiveCfg = Release|Any CPU
		{45303EAD-4F16-42AB-AD40-A455CF758554}.Ad-Hoc|iPhone.Build.0 = Release|Any CPU
		{45303EAD-4F16-42AB-AD40-A455CF758554}.Ad-Hoc|iPhone.Deploy.0 = Release|Any CPU
		{45303EAD-4F16-42AB-AD40-A455CF758554}.Ad-Hoc|iPhoneSimulator.ActiveCfg = Release|Any CPU
		{45303EAD-4F16-42AB-AD40-A455CF758554}.Ad-Hoc|iPhoneSimulator.Build.0 = Release|Any CPU
		{45303EAD-4F16-42AB-AD40-A455CF758554}.Ad-Hoc|iPhoneSimulator.Deploy.0 = Release|Any CPU
		{45303EAD-4F16-42AB-AD40-A455CF758554}.Ad-Hoc|x64.ActiveCfg = Release|Any CPU
		{45303EAD-4F16-42AB-AD40-A455CF758554}.Ad-Hoc|x64.Build.0 = Release|Any CPU
		{45303EAD-4F16-42AB-AD40-A455CF758554}.Ad-Hoc|x64.Deploy.0 = Release|Any CPU
		{45303EAD-4F16-42AB-AD40-A455CF758554}.Ad-Hoc|x86.ActiveCfg = Release|Any CPU
		{45303EAD-4F16-42AB-AD40-A455CF758554}.Ad-Hoc|x86.Build.0 = Release|Any CPU
		{45303EAD-4F16-42AB-AD40-A455CF758554}.Ad-Hoc|x86.Deploy.0 = Release|Any CPU
		{45303EAD-4F16-42AB-AD40-A455CF758554}.AppStore|Any CPU.ActiveCfg = Release|Any CPU
		{45303EAD-4F16-42AB-AD40-A455CF758554}.AppStore|Any CPU.Build.0 = Release|Any CPU
		{45303EAD-4F16-42AB-AD40-A455CF758554}.AppStore|Any CPU.Deploy.0 = Release|Any CPU
		{45303EAD-4F16-42AB-AD40-A455CF758554}.AppStore|ARM.ActiveCfg = Release|Any CPU
		{45303EAD-4F16-42AB-AD40-A455CF758554}.AppStore|ARM.Build.0 = Release|Any CPU
		{45303EAD-4F16-42AB-AD40-A455CF758554}.AppStore|ARM.Deploy.0 = Release|Any CPU
		{45303EAD-4F16-42AB-AD40-A455CF758554}.AppStore|iPhone.ActiveCfg = Release|Any CPU
		{45303EAD-4F16-42AB-AD40-A455CF758554}.AppStore|iPhone.Build.0 = Release|Any CPU
		{45303EAD-4F16-42AB-AD40-A455CF758554}.AppStore|iPhone.Deploy.0 = Release|Any CPU
		{45303EAD-4F16-42AB-AD40-A455CF758554}.AppStore|iPhoneSimulator.ActiveCfg = Release|Any CPU
		{45303EAD-4F16-42AB-AD40-A455CF758554}.AppStore|iPhoneSimulator.Build.0 = Release|Any CPU
		{45303EAD-4F16-42AB-AD40-A455CF758554}.AppStore|iPhoneSimulator.Deploy.0 = Release|Any CPU
		{45303EAD-4F16-42AB-AD40-A455CF758554}.AppStore|x64.ActiveCfg = Release|Any CPU
		{45303EAD-4F16-42AB-AD40-A455CF758554}.AppStore|x64.Build.0 = Release|Any CPU
		{45303EAD-4F16-42AB-AD40-A455CF758554}.AppStore|x64.Deploy.0 = Release|Any CPU
		{45303EAD-4F16-42AB-AD40-A455CF758554}.AppStore|x86.ActiveCfg = Release|Any CPU
		{45303EAD-4F16-42AB-AD40-A455CF758554}.AppStore|x86.Build.0 = Release|Any CPU
		{45303EAD-4F16-42AB-AD40-A455CF758554}.AppStore|x86.Deploy.0 = Release|Any CPU
		{45303EAD-4F16-42AB-AD40-A455CF758554}.Debug|Any CPU.ActiveCfg = Debug|Any CPU
		{45303EAD-4F16-42AB-AD40-A455CF758554}.Debug|Any CPU.Build.0 = Debug|Any CPU
		{45303EAD-4F16-42AB-AD40-A455CF758554}.Debug|Any CPU.Deploy.0 = Debug|Any CPU
		{45303EAD-4F16-42AB-AD40-A455CF758554}.Debug|ARM.ActiveCfg = Debug|Any CPU
		{45303EAD-4F16-42AB-AD40-A455CF758554}.Debug|ARM.Build.0 = Debug|Any CPU
		{45303EAD-4F16-42AB-AD40-A455CF758554}.Debug|ARM.Deploy.0 = Debug|Any CPU
		{45303EAD-4F16-42AB-AD40-A455CF758554}.Debug|iPhone.ActiveCfg = Debug|Any CPU
		{45303EAD-4F16-42AB-AD40-A455CF758554}.Debug|iPhone.Build.0 = Debug|Any CPU
		{45303EAD-4F16-42AB-AD40-A455CF758554}.Debug|iPhone.Deploy.0 = Debug|Any CPU
		{45303EAD-4F16-42AB-AD40-A455CF758554}.Debug|iPhoneSimulator.ActiveCfg = Debug|Any CPU
		{45303EAD-4F16-42AB-AD40-A455CF758554}.Debug|iPhoneSimulator.Build.0 = Debug|Any CPU
		{45303EAD-4F16-42AB-AD40-A455CF758554}.Debug|iPhoneSimulator.Deploy.0 = Debug|Any CPU
		{45303EAD-4F16-42AB-AD40-A455CF758554}.Debug|x64.ActiveCfg = Debug|Any CPU
		{45303EAD-4F16-42AB-AD40-A455CF758554}.Debug|x64.Build.0 = Debug|Any CPU
		{45303EAD-4F16-42AB-AD40-A455CF758554}.Debug|x64.Deploy.0 = Debug|Any CPU
		{45303EAD-4F16-42AB-AD40-A455CF758554}.Debug|x86.ActiveCfg = Debug|Any CPU
		{45303EAD-4F16-42AB-AD40-A455CF758554}.Debug|x86.Build.0 = Debug|Any CPU
		{45303EAD-4F16-42AB-AD40-A455CF758554}.Debug|x86.Deploy.0 = Debug|Any CPU
		{45303EAD-4F16-42AB-AD40-A455CF758554}.Release|Any CPU.ActiveCfg = Release|Any CPU
		{45303EAD-4F16-42AB-AD40-A455CF758554}.Release|Any CPU.Build.0 = Release|Any CPU
		{45303EAD-4F16-42AB-AD40-A455CF758554}.Release|Any CPU.Deploy.0 = Release|Any CPU
		{45303EAD-4F16-42AB-AD40-A455CF758554}.Release|ARM.ActiveCfg = Release|Any CPU
		{45303EAD-4F16-42AB-AD40-A455CF758554}.Release|ARM.Build.0 = Release|Any CPU
		{45303EAD-4F16-42AB-AD40-A455CF758554}.Release|ARM.Deploy.0 = Release|Any CPU
		{45303EAD-4F16-42AB-AD40-A455CF758554}.Release|iPhone.ActiveCfg = Release|Any CPU
		{45303EAD-4F16-42AB-AD40-A455CF758554}.Release|iPhone.Build.0 = Release|Any CPU
		{45303EAD-4F16-42AB-AD40-A455CF758554}.Release|iPhone.Deploy.0 = Release|Any CPU
		{45303EAD-4F16-42AB-AD40-A455CF758554}.Release|iPhoneSimulator.ActiveCfg = Release|Any CPU
		{45303EAD-4F16-42AB-AD40-A455CF758554}.Release|iPhoneSimulator.Build.0 = Release|Any CPU
		{45303EAD-4F16-42AB-AD40-A455CF758554}.Release|iPhoneSimulator.Deploy.0 = Release|Any CPU
		{45303EAD-4F16-42AB-AD40-A455CF758554}.Release|x64.ActiveCfg = Release|Any CPU
		{45303EAD-4F16-42AB-AD40-A455CF758554}.Release|x64.Build.0 = Release|Any CPU
		{45303EAD-4F16-42AB-AD40-A455CF758554}.Release|x64.Deploy.0 = Release|Any CPU
		{45303EAD-4F16-42AB-AD40-A455CF758554}.Release|x86.ActiveCfg = Release|Any CPU
		{45303EAD-4F16-42AB-AD40-A455CF758554}.Release|x86.Build.0 = Release|Any CPU
		{45303EAD-4F16-42AB-AD40-A455CF758554}.Release|x86.Deploy.0 = Release|Any CPU
		{4E19E411-7C14-4150-9246-ECC6D6E1C796}.Ad-Hoc|Any CPU.ActiveCfg = Ad-Hoc|iPhone
		{4E19E411-7C14-4150-9246-ECC6D6E1C796}.Ad-Hoc|Any CPU.Build.0 = Ad-Hoc|iPhone
		{4E19E411-7C14-4150-9246-ECC6D6E1C796}.Ad-Hoc|Any CPU.Deploy.0 = Ad-Hoc|iPhone
		{4E19E411-7C14-4150-9246-ECC6D6E1C796}.Ad-Hoc|ARM.ActiveCfg = Ad-Hoc|iPhone
		{4E19E411-7C14-4150-9246-ECC6D6E1C796}.Ad-Hoc|ARM.Build.0 = Ad-Hoc|iPhone
		{4E19E411-7C14-4150-9246-ECC6D6E1C796}.Ad-Hoc|ARM.Deploy.0 = Ad-Hoc|iPhone
		{4E19E411-7C14-4150-9246-ECC6D6E1C796}.Ad-Hoc|iPhone.ActiveCfg = Ad-Hoc|iPhone
		{4E19E411-7C14-4150-9246-ECC6D6E1C796}.Ad-Hoc|iPhone.Build.0 = Ad-Hoc|iPhone
		{4E19E411-7C14-4150-9246-ECC6D6E1C796}.Ad-Hoc|iPhone.Deploy.0 = Ad-Hoc|iPhone
		{4E19E411-7C14-4150-9246-ECC6D6E1C796}.Ad-Hoc|iPhoneSimulator.ActiveCfg = Ad-Hoc|iPhoneSimulator
		{4E19E411-7C14-4150-9246-ECC6D6E1C796}.Ad-Hoc|iPhoneSimulator.Build.0 = Ad-Hoc|iPhoneSimulator
		{4E19E411-7C14-4150-9246-ECC6D6E1C796}.Ad-Hoc|iPhoneSimulator.Deploy.0 = Ad-Hoc|iPhoneSimulator
		{4E19E411-7C14-4150-9246-ECC6D6E1C796}.Ad-Hoc|x64.ActiveCfg = Ad-Hoc|iPhone
		{4E19E411-7C14-4150-9246-ECC6D6E1C796}.Ad-Hoc|x64.Build.0 = Ad-Hoc|iPhone
		{4E19E411-7C14-4150-9246-ECC6D6E1C796}.Ad-Hoc|x64.Deploy.0 = Ad-Hoc|iPhone
		{4E19E411-7C14-4150-9246-ECC6D6E1C796}.Ad-Hoc|x86.ActiveCfg = Ad-Hoc|iPhone
		{4E19E411-7C14-4150-9246-ECC6D6E1C796}.Ad-Hoc|x86.Build.0 = Ad-Hoc|iPhone
		{4E19E411-7C14-4150-9246-ECC6D6E1C796}.Ad-Hoc|x86.Deploy.0 = Ad-Hoc|iPhone
		{4E19E411-7C14-4150-9246-ECC6D6E1C796}.AppStore|Any CPU.ActiveCfg = AppStore|iPhone
		{4E19E411-7C14-4150-9246-ECC6D6E1C796}.AppStore|Any CPU.Build.0 = AppStore|iPhone
		{4E19E411-7C14-4150-9246-ECC6D6E1C796}.AppStore|Any CPU.Deploy.0 = AppStore|iPhone
		{4E19E411-7C14-4150-9246-ECC6D6E1C796}.AppStore|ARM.ActiveCfg = AppStore|iPhone
		{4E19E411-7C14-4150-9246-ECC6D6E1C796}.AppStore|ARM.Build.0 = AppStore|iPhone
		{4E19E411-7C14-4150-9246-ECC6D6E1C796}.AppStore|ARM.Deploy.0 = AppStore|iPhone
		{4E19E411-7C14-4150-9246-ECC6D6E1C796}.AppStore|iPhone.ActiveCfg = AppStore|iPhone
		{4E19E411-7C14-4150-9246-ECC6D6E1C796}.AppStore|iPhone.Build.0 = AppStore|iPhone
		{4E19E411-7C14-4150-9246-ECC6D6E1C796}.AppStore|iPhone.Deploy.0 = AppStore|iPhone
		{4E19E411-7C14-4150-9246-ECC6D6E1C796}.AppStore|iPhoneSimulator.ActiveCfg = AppStore|iPhoneSimulator
		{4E19E411-7C14-4150-9246-ECC6D6E1C796}.AppStore|iPhoneSimulator.Build.0 = AppStore|iPhoneSimulator
		{4E19E411-7C14-4150-9246-ECC6D6E1C796}.AppStore|iPhoneSimulator.Deploy.0 = AppStore|iPhoneSimulator
		{4E19E411-7C14-4150-9246-ECC6D6E1C796}.AppStore|x64.ActiveCfg = AppStore|iPhone
		{4E19E411-7C14-4150-9246-ECC6D6E1C796}.AppStore|x64.Build.0 = AppStore|iPhone
		{4E19E411-7C14-4150-9246-ECC6D6E1C796}.AppStore|x64.Deploy.0 = AppStore|iPhone
		{4E19E411-7C14-4150-9246-ECC6D6E1C796}.AppStore|x86.ActiveCfg = AppStore|iPhone
		{4E19E411-7C14-4150-9246-ECC6D6E1C796}.AppStore|x86.Build.0 = AppStore|iPhone
		{4E19E411-7C14-4150-9246-ECC6D6E1C796}.AppStore|x86.Deploy.0 = AppStore|iPhone
		{4E19E411-7C14-4150-9246-ECC6D6E1C796}.Debug|Any CPU.ActiveCfg = Debug|iPhoneSimulator
		{4E19E411-7C14-4150-9246-ECC6D6E1C796}.Debug|Any CPU.Build.0 = Debug|iPhoneSimulator
		{4E19E411-7C14-4150-9246-ECC6D6E1C796}.Debug|Any CPU.Deploy.0 = Debug|iPhoneSimulator
		{4E19E411-7C14-4150-9246-ECC6D6E1C796}.Debug|ARM.ActiveCfg = Debug|iPhone
		{4E19E411-7C14-4150-9246-ECC6D6E1C796}.Debug|ARM.Build.0 = Debug|iPhone
		{4E19E411-7C14-4150-9246-ECC6D6E1C796}.Debug|ARM.Deploy.0 = Debug|iPhone
		{4E19E411-7C14-4150-9246-ECC6D6E1C796}.Debug|iPhone.ActiveCfg = Debug|iPhone
		{4E19E411-7C14-4150-9246-ECC6D6E1C796}.Debug|iPhone.Build.0 = Debug|iPhone
		{4E19E411-7C14-4150-9246-ECC6D6E1C796}.Debug|iPhone.Deploy.0 = Debug|iPhone
		{4E19E411-7C14-4150-9246-ECC6D6E1C796}.Debug|iPhoneSimulator.ActiveCfg = Debug|iPhoneSimulator
		{4E19E411-7C14-4150-9246-ECC6D6E1C796}.Debug|iPhoneSimulator.Build.0 = Debug|iPhoneSimulator
		{4E19E411-7C14-4150-9246-ECC6D6E1C796}.Debug|iPhoneSimulator.Deploy.0 = Debug|iPhoneSimulator
		{4E19E411-7C14-4150-9246-ECC6D6E1C796}.Debug|x64.ActiveCfg = Debug|iPhone
		{4E19E411-7C14-4150-9246-ECC6D6E1C796}.Debug|x64.Build.0 = Debug|iPhone
		{4E19E411-7C14-4150-9246-ECC6D6E1C796}.Debug|x64.Deploy.0 = Debug|iPhone
		{4E19E411-7C14-4150-9246-ECC6D6E1C796}.Debug|x86.ActiveCfg = Debug|iPhone
		{4E19E411-7C14-4150-9246-ECC6D6E1C796}.Debug|x86.Build.0 = Debug|iPhone
		{4E19E411-7C14-4150-9246-ECC6D6E1C796}.Debug|x86.Deploy.0 = Debug|iPhone
		{4E19E411-7C14-4150-9246-ECC6D6E1C796}.Release|Any CPU.ActiveCfg = Release|iPhone
		{4E19E411-7C14-4150-9246-ECC6D6E1C796}.Release|Any CPU.Build.0 = Release|iPhone
		{4E19E411-7C14-4150-9246-ECC6D6E1C796}.Release|Any CPU.Deploy.0 = Release|iPhone
		{4E19E411-7C14-4150-9246-ECC6D6E1C796}.Release|ARM.ActiveCfg = Release|iPhone
		{4E19E411-7C14-4150-9246-ECC6D6E1C796}.Release|ARM.Build.0 = Release|iPhone
		{4E19E411-7C14-4150-9246-ECC6D6E1C796}.Release|ARM.Deploy.0 = Release|iPhone
		{4E19E411-7C14-4150-9246-ECC6D6E1C796}.Release|iPhone.ActiveCfg = Release|iPhone
		{4E19E411-7C14-4150-9246-ECC6D6E1C796}.Release|iPhone.Build.0 = Release|iPhone
		{4E19E411-7C14-4150-9246-ECC6D6E1C796}.Release|iPhone.Deploy.0 = Release|iPhone
		{4E19E411-7C14-4150-9246-ECC6D6E1C796}.Release|iPhoneSimulator.ActiveCfg = Release|iPhoneSimulator
		{4E19E411-7C14-4150-9246-ECC6D6E1C796}.Release|iPhoneSimulator.Build.0 = Release|iPhoneSimulator
		{4E19E411-7C14-4150-9246-ECC6D6E1C796}.Release|iPhoneSimulator.Deploy.0 = Release|iPhoneSimulator
		{4E19E411-7C14-4150-9246-ECC6D6E1C796}.Release|x64.ActiveCfg = Release|iPhone
		{4E19E411-7C14-4150-9246-ECC6D6E1C796}.Release|x64.Build.0 = Release|iPhone
		{4E19E411-7C14-4150-9246-ECC6D6E1C796}.Release|x64.Deploy.0 = Release|iPhone
		{4E19E411-7C14-4150-9246-ECC6D6E1C796}.Release|x86.ActiveCfg = Release|iPhone
		{4E19E411-7C14-4150-9246-ECC6D6E1C796}.Release|x86.Build.0 = Release|iPhone
		{4E19E411-7C14-4150-9246-ECC6D6E1C796}.Release|x86.Deploy.0 = Release|iPhone
		{F17D62F2-ABC9-44F1-A53F-32C12B0151D8}.Ad-Hoc|Any CPU.ActiveCfg = Release|x86
		{F17D62F2-ABC9-44F1-A53F-32C12B0151D8}.Ad-Hoc|Any CPU.Build.0 = Release|x86
		{F17D62F2-ABC9-44F1-A53F-32C12B0151D8}.Ad-Hoc|Any CPU.Deploy.0 = Release|x86
		{F17D62F2-ABC9-44F1-A53F-32C12B0151D8}.Ad-Hoc|ARM.ActiveCfg = Release|ARM
		{F17D62F2-ABC9-44F1-A53F-32C12B0151D8}.Ad-Hoc|ARM.Build.0 = Release|ARM
		{F17D62F2-ABC9-44F1-A53F-32C12B0151D8}.Ad-Hoc|ARM.Deploy.0 = Release|ARM
		{F17D62F2-ABC9-44F1-A53F-32C12B0151D8}.Ad-Hoc|iPhone.ActiveCfg = Release|x86
		{F17D62F2-ABC9-44F1-A53F-32C12B0151D8}.Ad-Hoc|iPhone.Build.0 = Release|x86
		{F17D62F2-ABC9-44F1-A53F-32C12B0151D8}.Ad-Hoc|iPhone.Deploy.0 = Release|x86
		{F17D62F2-ABC9-44F1-A53F-32C12B0151D8}.Ad-Hoc|iPhoneSimulator.ActiveCfg = Release|x86
		{F17D62F2-ABC9-44F1-A53F-32C12B0151D8}.Ad-Hoc|iPhoneSimulator.Build.0 = Release|x86
		{F17D62F2-ABC9-44F1-A53F-32C12B0151D8}.Ad-Hoc|iPhoneSimulator.Deploy.0 = Release|x86
		{F17D62F2-ABC9-44F1-A53F-32C12B0151D8}.Ad-Hoc|x64.ActiveCfg = Release|x64
		{F17D62F2-ABC9-44F1-A53F-32C12B0151D8}.Ad-Hoc|x64.Build.0 = Release|x64
		{F17D62F2-ABC9-44F1-A53F-32C12B0151D8}.Ad-Hoc|x64.Deploy.0 = Release|x64
		{F17D62F2-ABC9-44F1-A53F-32C12B0151D8}.Ad-Hoc|x86.ActiveCfg = Release|x86
		{F17D62F2-ABC9-44F1-A53F-32C12B0151D8}.Ad-Hoc|x86.Build.0 = Release|x86
		{F17D62F2-ABC9-44F1-A53F-32C12B0151D8}.Ad-Hoc|x86.Deploy.0 = Release|x86
		{F17D62F2-ABC9-44F1-A53F-32C12B0151D8}.AppStore|Any CPU.ActiveCfg = Release|x86
		{F17D62F2-ABC9-44F1-A53F-32C12B0151D8}.AppStore|Any CPU.Build.0 = Release|x86
		{F17D62F2-ABC9-44F1-A53F-32C12B0151D8}.AppStore|Any CPU.Deploy.0 = Release|x86
		{F17D62F2-ABC9-44F1-A53F-32C12B0151D8}.AppStore|ARM.ActiveCfg = Release|ARM
		{F17D62F2-ABC9-44F1-A53F-32C12B0151D8}.AppStore|ARM.Build.0 = Release|ARM
		{F17D62F2-ABC9-44F1-A53F-32C12B0151D8}.AppStore|ARM.Deploy.0 = Release|ARM
		{F17D62F2-ABC9-44F1-A53F-32C12B0151D8}.AppStore|iPhone.ActiveCfg = Release|x86
		{F17D62F2-ABC9-44F1-A53F-32C12B0151D8}.AppStore|iPhone.Build.0 = Release|x86
		{F17D62F2-ABC9-44F1-A53F-32C12B0151D8}.AppStore|iPhone.Deploy.0 = Release|x86
		{F17D62F2-ABC9-44F1-A53F-32C12B0151D8}.AppStore|iPhoneSimulator.ActiveCfg = Release|x86
		{F17D62F2-ABC9-44F1-A53F-32C12B0151D8}.AppStore|iPhoneSimulator.Build.0 = Release|x86
		{F17D62F2-ABC9-44F1-A53F-32C12B0151D8}.AppStore|iPhoneSimulator.Deploy.0 = Release|x86
		{F17D62F2-ABC9-44F1-A53F-32C12B0151D8}.AppStore|x64.ActiveCfg = Release|x64
		{F17D62F2-ABC9-44F1-A53F-32C12B0151D8}.AppStore|x64.Build.0 = Release|x64
		{F17D62F2-ABC9-44F1-A53F-32C12B0151D8}.AppStore|x64.Deploy.0 = Release|x64
		{F17D62F2-ABC9-44F1-A53F-32C12B0151D8}.AppStore|x86.ActiveCfg = Release|x86
		{F17D62F2-ABC9-44F1-A53F-32C12B0151D8}.AppStore|x86.Build.0 = Release|x86
		{F17D62F2-ABC9-44F1-A53F-32C12B0151D8}.AppStore|x86.Deploy.0 = Release|x86
		{F17D62F2-ABC9-44F1-A53F-32C12B0151D8}.Debug|Any CPU.ActiveCfg = Debug|x86
		{F17D62F2-ABC9-44F1-A53F-32C12B0151D8}.Debug|Any CPU.Build.0 = Debug|x86
		{F17D62F2-ABC9-44F1-A53F-32C12B0151D8}.Debug|Any CPU.Deploy.0 = Debug|x86
		{F17D62F2-ABC9-44F1-A53F-32C12B0151D8}.Debug|ARM.ActiveCfg = Debug|ARM
		{F17D62F2-ABC9-44F1-A53F-32C12B0151D8}.Debug|ARM.Build.0 = Debug|ARM
		{F17D62F2-ABC9-44F1-A53F-32C12B0151D8}.Debug|ARM.Deploy.0 = Debug|ARM
		{F17D62F2-ABC9-44F1-A53F-32C12B0151D8}.Debug|iPhone.ActiveCfg = Debug|x86
		{F17D62F2-ABC9-44F1-A53F-32C12B0151D8}.Debug|iPhone.Build.0 = Debug|x86
		{F17D62F2-ABC9-44F1-A53F-32C12B0151D8}.Debug|iPhone.Deploy.0 = Debug|x86
		{F17D62F2-ABC9-44F1-A53F-32C12B0151D8}.Debug|iPhoneSimulator.ActiveCfg = Debug|x86
		{F17D62F2-ABC9-44F1-A53F-32C12B0151D8}.Debug|iPhoneSimulator.Build.0 = Debug|x86
		{F17D62F2-ABC9-44F1-A53F-32C12B0151D8}.Debug|iPhoneSimulator.Deploy.0 = Debug|x86
		{F17D62F2-ABC9-44F1-A53F-32C12B0151D8}.Debug|x64.ActiveCfg = Debug|x64
		{F17D62F2-ABC9-44F1-A53F-32C12B0151D8}.Debug|x64.Build.0 = Debug|x64
		{F17D62F2-ABC9-44F1-A53F-32C12B0151D8}.Debug|x64.Deploy.0 = Debug|x64
		{F17D62F2-ABC9-44F1-A53F-32C12B0151D8}.Debug|x86.ActiveCfg = Debug|x86
		{F17D62F2-ABC9-44F1-A53F-32C12B0151D8}.Debug|x86.Build.0 = Debug|x86
		{F17D62F2-ABC9-44F1-A53F-32C12B0151D8}.Debug|x86.Deploy.0 = Debug|x86
		{F17D62F2-ABC9-44F1-A53F-32C12B0151D8}.Release|Any CPU.ActiveCfg = Release|x86
		{F17D62F2-ABC9-44F1-A53F-32C12B0151D8}.Release|Any CPU.Build.0 = Release|x86
		{F17D62F2-ABC9-44F1-A53F-32C12B0151D8}.Release|Any CPU.Deploy.0 = Release|x86
		{F17D62F2-ABC9-44F1-A53F-32C12B0151D8}.Release|ARM.ActiveCfg = Release|ARM
		{F17D62F2-ABC9-44F1-A53F-32C12B0151D8}.Release|ARM.Build.0 = Release|ARM
		{F17D62F2-ABC9-44F1-A53F-32C12B0151D8}.Release|ARM.Deploy.0 = Release|ARM
		{F17D62F2-ABC9-44F1-A53F-32C12B0151D8}.Release|iPhone.ActiveCfg = Release|x86
		{F17D62F2-ABC9-44F1-A53F-32C12B0151D8}.Release|iPhone.Build.0 = Release|x86
		{F17D62F2-ABC9-44F1-A53F-32C12B0151D8}.Release|iPhone.Deploy.0 = Release|x86
		{F17D62F2-ABC9-44F1-A53F-32C12B0151D8}.Release|iPhoneSimulator.ActiveCfg = Release|x86
		{F17D62F2-ABC9-44F1-A53F-32C12B0151D8}.Release|iPhoneSimulator.Build.0 = Release|x86
		{F17D62F2-ABC9-44F1-A53F-32C12B0151D8}.Release|iPhoneSimulator.Deploy.0 = Release|x86
		{F17D62F2-ABC9-44F1-A53F-32C12B0151D8}.Release|x64.ActiveCfg = Release|x64
		{F17D62F2-ABC9-44F1-A53F-32C12B0151D8}.Release|x64.Build.0 = Release|x64
		{F17D62F2-ABC9-44F1-A53F-32C12B0151D8}.Release|x64.Deploy.0 = Release|x64
		{F17D62F2-ABC9-44F1-A53F-32C12B0151D8}.Release|x86.ActiveCfg = Release|x86
		{F17D62F2-ABC9-44F1-A53F-32C12B0151D8}.Release|x86.Build.0 = Release|x86
		{F17D62F2-ABC9-44F1-A53F-32C12B0151D8}.Release|x86.Deploy.0 = Release|x86
		{9336FD1D-F0C0-4EA8-859B-F272B97388F8}.Ad-Hoc|Any CPU.ActiveCfg = Debug|Any CPU
		{9336FD1D-F0C0-4EA8-859B-F272B97388F8}.Ad-Hoc|Any CPU.Build.0 = Debug|Any CPU
		{9336FD1D-F0C0-4EA8-859B-F272B97388F8}.Ad-Hoc|Any CPU.Deploy.0 = Debug|Any CPU
		{9336FD1D-F0C0-4EA8-859B-F272B97388F8}.Ad-Hoc|ARM.ActiveCfg = Debug|Any CPU
		{9336FD1D-F0C0-4EA8-859B-F272B97388F8}.Ad-Hoc|ARM.Build.0 = Debug|Any CPU
		{9336FD1D-F0C0-4EA8-859B-F272B97388F8}.Ad-Hoc|ARM.Deploy.0 = Debug|Any CPU
		{9336FD1D-F0C0-4EA8-859B-F272B97388F8}.Ad-Hoc|iPhone.ActiveCfg = Debug|Any CPU
		{9336FD1D-F0C0-4EA8-859B-F272B97388F8}.Ad-Hoc|iPhone.Build.0 = Debug|Any CPU
		{9336FD1D-F0C0-4EA8-859B-F272B97388F8}.Ad-Hoc|iPhone.Deploy.0 = Debug|Any CPU
		{9336FD1D-F0C0-4EA8-859B-F272B97388F8}.Ad-Hoc|iPhoneSimulator.ActiveCfg = Debug|Any CPU
		{9336FD1D-F0C0-4EA8-859B-F272B97388F8}.Ad-Hoc|iPhoneSimulator.Build.0 = Debug|Any CPU
		{9336FD1D-F0C0-4EA8-859B-F272B97388F8}.Ad-Hoc|iPhoneSimulator.Deploy.0 = Debug|Any CPU
		{9336FD1D-F0C0-4EA8-859B-F272B97388F8}.Ad-Hoc|x64.ActiveCfg = Debug|Any CPU
		{9336FD1D-F0C0-4EA8-859B-F272B97388F8}.Ad-Hoc|x64.Build.0 = Debug|Any CPU
		{9336FD1D-F0C0-4EA8-859B-F272B97388F8}.Ad-Hoc|x64.Deploy.0 = Debug|Any CPU
		{9336FD1D-F0C0-4EA8-859B-F272B97388F8}.Ad-Hoc|x86.ActiveCfg = Debug|Any CPU
		{9336FD1D-F0C0-4EA8-859B-F272B97388F8}.Ad-Hoc|x86.Build.0 = Debug|Any CPU
		{9336FD1D-F0C0-4EA8-859B-F272B97388F8}.Ad-Hoc|x86.Deploy.0 = Debug|Any CPU
		{9336FD1D-F0C0-4EA8-859B-F272B97388F8}.AppStore|Any CPU.ActiveCfg = Debug|Any CPU
		{9336FD1D-F0C0-4EA8-859B-F272B97388F8}.AppStore|Any CPU.Build.0 = Debug|Any CPU
		{9336FD1D-F0C0-4EA8-859B-F272B97388F8}.AppStore|Any CPU.Deploy.0 = Debug|Any CPU
		{9336FD1D-F0C0-4EA8-859B-F272B97388F8}.AppStore|ARM.ActiveCfg = Debug|Any CPU
		{9336FD1D-F0C0-4EA8-859B-F272B97388F8}.AppStore|ARM.Build.0 = Debug|Any CPU
		{9336FD1D-F0C0-4EA8-859B-F272B97388F8}.AppStore|ARM.Deploy.0 = Debug|Any CPU
		{9336FD1D-F0C0-4EA8-859B-F272B97388F8}.AppStore|iPhone.ActiveCfg = Debug|Any CPU
		{9336FD1D-F0C0-4EA8-859B-F272B97388F8}.AppStore|iPhone.Build.0 = Debug|Any CPU
		{9336FD1D-F0C0-4EA8-859B-F272B97388F8}.AppStore|iPhone.Deploy.0 = Debug|Any CPU
		{9336FD1D-F0C0-4EA8-859B-F272B97388F8}.AppStore|iPhoneSimulator.ActiveCfg = Debug|Any CPU
		{9336FD1D-F0C0-4EA8-859B-F272B97388F8}.AppStore|iPhoneSimulator.Build.0 = Debug|Any CPU
		{9336FD1D-F0C0-4EA8-859B-F272B97388F8}.AppStore|iPhoneSimulator.Deploy.0 = Debug|Any CPU
		{9336FD1D-F0C0-4EA8-859B-F272B97388F8}.AppStore|x64.ActiveCfg = Debug|Any CPU
		{9336FD1D-F0C0-4EA8-859B-F272B97388F8}.AppStore|x64.Build.0 = Debug|Any CPU
		{9336FD1D-F0C0-4EA8-859B-F272B97388F8}.AppStore|x64.Deploy.0 = Debug|Any CPU
		{9336FD1D-F0C0-4EA8-859B-F272B97388F8}.AppStore|x86.ActiveCfg = Debug|Any CPU
		{9336FD1D-F0C0-4EA8-859B-F272B97388F8}.AppStore|x86.Build.0 = Debug|Any CPU
		{9336FD1D-F0C0-4EA8-859B-F272B97388F8}.AppStore|x86.Deploy.0 = Debug|Any CPU
		{9336FD1D-F0C0-4EA8-859B-F272B97388F8}.Debug|Any CPU.ActiveCfg = Debug|Any CPU
		{9336FD1D-F0C0-4EA8-859B-F272B97388F8}.Debug|Any CPU.Build.0 = Debug|Any CPU
		{9336FD1D-F0C0-4EA8-859B-F272B97388F8}.Debug|Any CPU.Deploy.0 = Debug|Any CPU
		{9336FD1D-F0C0-4EA8-859B-F272B97388F8}.Debug|ARM.ActiveCfg = Debug|Any CPU
		{9336FD1D-F0C0-4EA8-859B-F272B97388F8}.Debug|ARM.Build.0 = Debug|Any CPU
		{9336FD1D-F0C0-4EA8-859B-F272B97388F8}.Debug|ARM.Deploy.0 = Debug|Any CPU
		{9336FD1D-F0C0-4EA8-859B-F272B97388F8}.Debug|iPhone.ActiveCfg = Debug|Any CPU
		{9336FD1D-F0C0-4EA8-859B-F272B97388F8}.Debug|iPhone.Build.0 = Debug|Any CPU
		{9336FD1D-F0C0-4EA8-859B-F272B97388F8}.Debug|iPhone.Deploy.0 = Debug|Any CPU
		{9336FD1D-F0C0-4EA8-859B-F272B97388F8}.Debug|iPhoneSimulator.ActiveCfg = Debug|Any CPU
		{9336FD1D-F0C0-4EA8-859B-F272B97388F8}.Debug|iPhoneSimulator.Build.0 = Debug|Any CPU
		{9336FD1D-F0C0-4EA8-859B-F272B97388F8}.Debug|iPhoneSimulator.Deploy.0 = Debug|Any CPU
		{9336FD1D-F0C0-4EA8-859B-F272B97388F8}.Debug|x64.ActiveCfg = Debug|Any CPU
		{9336FD1D-F0C0-4EA8-859B-F272B97388F8}.Debug|x64.Build.0 = Debug|Any CPU
		{9336FD1D-F0C0-4EA8-859B-F272B97388F8}.Debug|x64.Deploy.0 = Debug|Any CPU
		{9336FD1D-F0C0-4EA8-859B-F272B97388F8}.Debug|x86.ActiveCfg = Debug|Any CPU
		{9336FD1D-F0C0-4EA8-859B-F272B97388F8}.Debug|x86.Build.0 = Debug|Any CPU
		{9336FD1D-F0C0-4EA8-859B-F272B97388F8}.Debug|x86.Deploy.0 = Debug|Any CPU
		{9336FD1D-F0C0-4EA8-859B-F272B97388F8}.Release|Any CPU.ActiveCfg = Release|Any CPU
		{9336FD1D-F0C0-4EA8-859B-F272B97388F8}.Release|Any CPU.Build.0 = Release|Any CPU
		{9336FD1D-F0C0-4EA8-859B-F272B97388F8}.Release|Any CPU.Deploy.0 = Release|Any CPU
		{9336FD1D-F0C0-4EA8-859B-F272B97388F8}.Release|ARM.ActiveCfg = Release|Any CPU
		{9336FD1D-F0C0-4EA8-859B-F272B97388F8}.Release|ARM.Build.0 = Release|Any CPU
		{9336FD1D-F0C0-4EA8-859B-F272B97388F8}.Release|ARM.Deploy.0 = Release|Any CPU
		{9336FD1D-F0C0-4EA8-859B-F272B97388F8}.Release|iPhone.ActiveCfg = Release|Any CPU
		{9336FD1D-F0C0-4EA8-859B-F272B97388F8}.Release|iPhone.Build.0 = Release|Any CPU
		{9336FD1D-F0C0-4EA8-859B-F272B97388F8}.Release|iPhone.Deploy.0 = Release|Any CPU
		{9336FD1D-F0C0-4EA8-859B-F272B97388F8}.Release|iPhoneSimulator.ActiveCfg = Release|Any CPU
		{9336FD1D-F0C0-4EA8-859B-F272B97388F8}.Release|iPhoneSimulator.Build.0 = Release|Any CPU
		{9336FD1D-F0C0-4EA8-859B-F272B97388F8}.Release|iPhoneSimulator.Deploy.0 = Release|Any CPU
		{9336FD1D-F0C0-4EA8-859B-F272B97388F8}.Release|x64.ActiveCfg = Release|Any CPU
		{9336FD1D-F0C0-4EA8-859B-F272B97388F8}.Release|x64.Build.0 = Release|Any CPU
		{9336FD1D-F0C0-4EA8-859B-F272B97388F8}.Release|x64.Deploy.0 = Release|Any CPU
		{9336FD1D-F0C0-4EA8-859B-F272B97388F8}.Release|x86.ActiveCfg = Release|Any CPU
		{9336FD1D-F0C0-4EA8-859B-F272B97388F8}.Release|x86.Build.0 = Release|Any CPU
		{9336FD1D-F0C0-4EA8-859B-F272B97388F8}.Release|x86.Deploy.0 = Release|Any CPU
	EndGlobalSection
	GlobalSection(SolutionProperties) = preSolution
		HideSolutionNode = FALSE
	EndGlobalSection
	GlobalSection(ExtensibilityGlobals) = postSolution
		SolutionGuid = {978DCE5C-E78D-4D9C-9439-2CD57946DF77}
	EndGlobalSection
EndGlobal
